// !$*UTF8*$!
{
	archiveVersion = 1;
	classes = {
	};
	objectVersion = 50;
	objects = {

/* Begin PBXBuildFile section */
		6632FFBA2574D4D300895512 /* AppDelegate.swift in Sources */ = {isa = PBXBuildFile; fileRef = 6632FFB92574D4D300895512 /* AppDelegate.swift */; };
		6632FFBC2574D4D300895512 /* SceneDelegate.swift in Sources */ = {isa = PBXBuildFile; fileRef = 6632FFBB2574D4D300895512 /* SceneDelegate.swift */; };
		6632FFBE2574D4D300895512 /* ViewController.swift in Sources */ = {isa = PBXBuildFile; fileRef = 6632FFBD2574D4D300895512 /* ViewController.swift */; };
		6632FFC12574D4D300895512 /* Main.storyboard in Resources */ = {isa = PBXBuildFile; fileRef = 6632FFBF2574D4D300895512 /* Main.storyboard */; };
		6632FFC32574D4D800895512 /* Assets.xcassets in Resources */ = {isa = PBXBuildFile; fileRef = 6632FFC22574D4D800895512 /* Assets.xcassets */; };
		6632FFC62574D4D800895512 /* LaunchScreen.storyboard in Resources */ = {isa = PBXBuildFile; fileRef = 6632FFC42574D4D800895512 /* LaunchScreen.storyboard */; };
		6632FFD12574D4D800895512 /* Tune_ShareTests.swift in Sources */ = {isa = PBXBuildFile; fileRef = 6632FFD02574D4D800895512 /* Tune_ShareTests.swift */; };
		6632FFDC2574D4D900895512 /* Tune_ShareUITests.swift in Sources */ = {isa = PBXBuildFile; fileRef = 6632FFDB2574D4D900895512 /* Tune_ShareUITests.swift */; };
/* End PBXBuildFile section */

/* Begin PBXContainerItemProxy section */
		6632FFCD2574D4D800895512 /* PBXContainerItemProxy */ = {
			isa = PBXContainerItemProxy;
			containerPortal = 6632FFAE2574D4D300895512 /* Project object */;
			proxyType = 1;
			remoteGlobalIDString = 6632FFB52574D4D300895512;
			remoteInfo = "Tune-Share";
		};
		6632FFD82574D4D900895512 /* PBXContainerItemProxy */ = {
			isa = PBXContainerItemProxy;
			containerPortal = 6632FFAE2574D4D300895512 /* Project object */;
			proxyType = 1;
			remoteGlobalIDString = 6632FFB52574D4D300895512;
			remoteInfo = "Tune-Share";
		};
/* End PBXContainerItemProxy section */

/* Begin PBXFileReference section */
		6632FFB62574D4D300895512 /* Tune-Share.app */ = {isa = PBXFileReference; explicitFileType = wrapper.application; includeInIndex = 0; path = "Tune-Share.app"; sourceTree = BUILT_PRODUCTS_DIR; };
		6632FFB92574D4D300895512 /* AppDelegate.swift */ = {isa = PBXFileReference; lastKnownFileType = sourcecode.swift; path = AppDelegate.swift; sourceTree = "<group>"; };
		6632FFBB2574D4D300895512 /* SceneDelegate.swift */ = {isa = PBXFileReference; lastKnownFileType = sourcecode.swift; path = SceneDelegate.swift; sourceTree = "<group>"; };
		6632FFBD2574D4D300895512 /* ViewController.swift */ = {isa = PBXFileReference; lastKnownFileType = sourcecode.swift; path = ViewController.swift; sourceTree = "<group>"; };
		6632FFC02574D4D300895512 /* Base */ = {isa = PBXFileReference; lastKnownFileType = file.storyboard; name = Base; path = Base.lproj/Main.storyboard; sourceTree = "<group>"; };
		6632FFC22574D4D800895512 /* Assets.xcassets */ = {isa = PBXFileReference; lastKnownFileType = folder.assetcatalog; path = Assets.xcassets; sourceTree = "<group>"; };
		6632FFC52574D4D800895512 /* Base */ = {isa = PBXFileReference; lastKnownFileType = file.storyboard; name = Base; path = Base.lproj/LaunchScreen.storyboard; sourceTree = "<group>"; };
		6632FFC72574D4D800895512 /* Info.plist */ = {isa = PBXFileReference; lastKnownFileType = text.plist.xml; path = Info.plist; sourceTree = "<group>"; };
		6632FFCC2574D4D800895512 /* Tune-ShareTests.xctest */ = {isa = PBXFileReference; explicitFileType = wrapper.cfbundle; includeInIndex = 0; path = "Tune-ShareTests.xctest"; sourceTree = BUILT_PRODUCTS_DIR; };
		6632FFD02574D4D800895512 /* Tune_ShareTests.swift */ = {isa = PBXFileReference; lastKnownFileType = sourcecode.swift; path = Tune_ShareTests.swift; sourceTree = "<group>"; };
		6632FFD22574D4D800895512 /* Info.plist */ = {isa = PBXFileReference; lastKnownFileType = text.plist.xml; path = Info.plist; sourceTree = "<group>"; };
		6632FFD72574D4D900895512 /* Tune-ShareUITests.xctest */ = {isa = PBXFileReference; explicitFileType = wrapper.cfbundle; includeInIndex = 0; path = "Tune-ShareUITests.xctest"; sourceTree = BUILT_PRODUCTS_DIR; };
		6632FFDB2574D4D900895512 /* Tune_ShareUITests.swift */ = {isa = PBXFileReference; lastKnownFileType = sourcecode.swift; path = Tune_ShareUITests.swift; sourceTree = "<group>"; };
		6632FFDD2574D4D900895512 /* Info.plist */ = {isa = PBXFileReference; lastKnownFileType = text.plist.xml; path = Info.plist; sourceTree = "<group>"; };
/* End PBXFileReference section */

/* Begin PBXFrameworksBuildPhase section */
		6632FFB32574D4D300895512 /* Frameworks */ = {
			isa = PBXFrameworksBuildPhase;
			buildActionMask = 2147483647;
			files = (
			);
			runOnlyForDeploymentPostprocessing = 0;
		};
		6632FFC92574D4D800895512 /* Frameworks */ = {
			isa = PBXFrameworksBuildPhase;
			buildActionMask = 2147483647;
			files = (
			);
			runOnlyForDeploymentPostprocessing = 0;
		};
		6632FFD42574D4D900895512 /* Frameworks */ = {
			isa = PBXFrameworksBuildPhase;
			buildActionMask = 2147483647;
			files = (
			);
			runOnlyForDeploymentPostprocessing = 0;
		};
/* End PBXFrameworksBuildPhase section */

/* Begin PBXGroup section */
		6632FFAD2574D4D300895512 = {
			isa = PBXGroup;
			children = (
				6632FFB82574D4D300895512 /* Tune-Share */,
				6632FFCF2574D4D800895512 /* Tune-ShareTests */,
				6632FFDA2574D4D900895512 /* Tune-ShareUITests */,
				6632FFB72574D4D300895512 /* Products */,
			);
			sourceTree = "<group>";
		};
		6632FFB72574D4D300895512 /* Products */ = {
			isa = PBXGroup;
			children = (
				6632FFB62574D4D300895512 /* Tune-Share.app */,
				6632FFCC2574D4D800895512 /* Tune-ShareTests.xctest */,
				6632FFD72574D4D900895512 /* Tune-ShareUITests.xctest */,
			);
			name = Products;
			sourceTree = "<group>";
		};
		6632FFB82574D4D300895512 /* Tune-Share */ = {
			isa = PBXGroup;
			children = (
				6632FFB92574D4D300895512 /* AppDelegate.swift */,
				6632FFBB2574D4D300895512 /* SceneDelegate.swift */,
				6632FFBD2574D4D300895512 /* ViewController.swift */,
				6632FFBF2574D4D300895512 /* Main.storyboard */,
				6632FFC22574D4D800895512 /* Assets.xcassets */,
				6632FFC42574D4D800895512 /* LaunchScreen.storyboard */,
				6632FFC72574D4D800895512 /* Info.plist */,
			);
			path = "Tune-Share";
			sourceTree = "<group>";
		};
		6632FFCF2574D4D800895512 /* Tune-ShareTests */ = {
			isa = PBXGroup;
			children = (
				6632FFD02574D4D800895512 /* Tune_ShareTests.swift */,
				6632FFD22574D4D800895512 /* Info.plist */,
			);
			path = "Tune-ShareTests";
			sourceTree = "<group>";
		};
		6632FFDA2574D4D900895512 /* Tune-ShareUITests */ = {
			isa = PBXGroup;
			children = (
				6632FFDB2574D4D900895512 /* Tune_ShareUITests.swift */,
				6632FFDD2574D4D900895512 /* Info.plist */,
			);
			path = "Tune-ShareUITests";
			sourceTree = "<group>";
		};
/* End PBXGroup section */

/* Begin PBXNativeTarget section */
		6632FFB52574D4D300895512 /* Tune-Share */ = {
			isa = PBXNativeTarget;
			buildConfigurationList = 6632FFE02574D4D900895512 /* Build configuration list for PBXNativeTarget "Tune-Share" */;
			buildPhases = (
				6632FFB22574D4D300895512 /* Sources */,
				6632FFB32574D4D300895512 /* Frameworks */,
				6632FFB42574D4D300895512 /* Resources */,
			);
			buildRules = (
			);
			dependencies = (
			);
			name = "Tune-Share";
			productName = "Tune-Share";
			productReference = 6632FFB62574D4D300895512 /* Tune-Share.app */;
			productType = "com.apple.product-type.application";
		};
		6632FFCB2574D4D800895512 /* Tune-ShareTests */ = {
			isa = PBXNativeTarget;
			buildConfigurationList = 6632FFE32574D4D900895512 /* Build configuration list for PBXNativeTarget "Tune-ShareTests" */;
			buildPhases = (
				6632FFC82574D4D800895512 /* Sources */,
				6632FFC92574D4D800895512 /* Frameworks */,
				6632FFCA2574D4D800895512 /* Resources */,
			);
			buildRules = (
			);
			dependencies = (
				6632FFCE2574D4D800895512 /* PBXTargetDependency */,
			);
			name = "Tune-ShareTests";
			productName = "Tune-ShareTests";
			productReference = 6632FFCC2574D4D800895512 /* Tune-ShareTests.xctest */;
			productType = "com.apple.product-type.bundle.unit-test";
		};
		6632FFD62574D4D900895512 /* Tune-ShareUITests */ = {
			isa = PBXNativeTarget;
			buildConfigurationList = 6632FFE62574D4D900895512 /* Build configuration list for PBXNativeTarget "Tune-ShareUITests" */;
			buildPhases = (
				6632FFD32574D4D900895512 /* Sources */,
				6632FFD42574D4D900895512 /* Frameworks */,
				6632FFD52574D4D900895512 /* Resources */,
			);
			buildRules = (
			);
			dependencies = (
				6632FFD92574D4D900895512 /* PBXTargetDependency */,
			);
			name = "Tune-ShareUITests";
			productName = "Tune-ShareUITests";
			productReference = 6632FFD72574D4D900895512 /* Tune-ShareUITests.xctest */;
			productType = "com.apple.product-type.bundle.ui-testing";
		};
/* End PBXNativeTarget section */

/* Begin PBXProject section */
		6632FFAE2574D4D300895512 /* Project object */ = {
			isa = PBXProject;
			attributes = {
				LastSwiftUpdateCheck = 1220;
				LastUpgradeCheck = 1220;
				TargetAttributes = {
					6632FFB52574D4D300895512 = {
						CreatedOnToolsVersion = 12.2;
					};
					6632FFCB2574D4D800895512 = {
						CreatedOnToolsVersion = 12.2;
						TestTargetID = 6632FFB52574D4D300895512;
					};
					6632FFD62574D4D900895512 = {
						CreatedOnToolsVersion = 12.2;
						TestTargetID = 6632FFB52574D4D300895512;
					};
				};
			};
			buildConfigurationList = 6632FFB12574D4D300895512 /* Build configuration list for PBXProject "Tune-Share" */;
			compatibilityVersion = "Xcode 9.3";
			developmentRegion = en;
			hasScannedForEncodings = 0;
			knownRegions = (
				en,
				Base,
			);
			mainGroup = 6632FFAD2574D4D300895512;
			productRefGroup = 6632FFB72574D4D300895512 /* Products */;
			projectDirPath = "";
			projectRoot = "";
			targets = (
				6632FFB52574D4D300895512 /* Tune-Share */,
				6632FFCB2574D4D800895512 /* Tune-ShareTests */,
				6632FFD62574D4D900895512 /* Tune-ShareUITests */,
			);
		};
/* End PBXProject section */

/* Begin PBXResourcesBuildPhase section */
		6632FFB42574D4D300895512 /* Resources */ = {
			isa = PBXResourcesBuildPhase;
			buildActionMask = 2147483647;
			files = (
				6632FFC62574D4D800895512 /* LaunchScreen.storyboard in Resources */,
				6632FFC32574D4D800895512 /* Assets.xcassets in Resources */,
				6632FFC12574D4D300895512 /* Main.storyboard in Resources */,
			);
			runOnlyForDeploymentPostprocessing = 0;
		};
		6632FFCA2574D4D800895512 /* Resources */ = {
			isa = PBXResourcesBuildPhase;
			buildActionMask = 2147483647;
			files = (
			);
			runOnlyForDeploymentPostprocessing = 0;
		};
		6632FFD52574D4D900895512 /* Resources */ = {
			isa = PBXResourcesBuildPhase;
			buildActionMask = 2147483647;
			files = (
			);
			runOnlyForDeploymentPostprocessing = 0;
		};
/* End PBXResourcesBuildPhase section */

/* Begin PBXSourcesBuildPhase section */
		6632FFB22574D4D300895512 /* Sources */ = {
			isa = PBXSourcesBuildPhase;
			buildActionMask = 2147483647;
			files = (
				6632FFBE2574D4D300895512 /* ViewController.swift in Sources */,
				6632FFBA2574D4D300895512 /* AppDelegate.swift in Sources */,
				6632FFBC2574D4D300895512 /* SceneDelegate.swift in Sources */,
			);
			runOnlyForDeploymentPostprocessing = 0;
		};
		6632FFC82574D4D800895512 /* Sources */ = {
			isa = PBXSourcesBuildPhase;
			buildActionMask = 2147483647;
			files = (
				6632FFD12574D4D800895512 /* Tune_ShareTests.swift in Sources */,
			);
			runOnlyForDeploymentPostprocessing = 0;
		};
		6632FFD32574D4D900895512 /* Sources */ = {
			isa = PBXSourcesBuildPhase;
			buildActionMask = 2147483647;
			files = (
				6632FFDC2574D4D900895512 /* Tune_ShareUITests.swift in Sources */,
			);
			runOnlyForDeploymentPostprocessing = 0;
		};
/* End PBXSourcesBuildPhase section */

/* Begin PBXTargetDependency section */
		6632FFCE2574D4D800895512 /* PBXTargetDependency */ = {
			isa = PBXTargetDependency;
			target = 6632FFB52574D4D300895512 /* Tune-Share */;
			targetProxy = 6632FFCD2574D4D800895512 /* PBXContainerItemProxy */;
		};
		6632FFD92574D4D900895512 /* PBXTargetDependency */ = {
			isa = PBXTargetDependency;
			target = 6632FFB52574D4D300895512 /* Tune-Share */;
			targetProxy = 6632FFD82574D4D900895512 /* PBXContainerItemProxy */;
		};
/* End PBXTargetDependency section */

/* Begin PBXVariantGroup section */
		6632FFBF2574D4D300895512 /* Main.storyboard */ = {
			isa = PBXVariantGroup;
			children = (
				6632FFC02574D4D300895512 /* Base */,
			);
			name = Main.storyboard;
			sourceTree = "<group>";
		};
		6632FFC42574D4D800895512 /* LaunchScreen.storyboard */ = {
			isa = PBXVariantGroup;
			children = (
				6632FFC52574D4D800895512 /* Base */,
			);
			name = LaunchScreen.storyboard;
			sourceTree = "<group>";
		};
/* End PBXVariantGroup section */

/* Begin XCBuildConfiguration section */
		6632FFDE2574D4D900895512 /* Debug */ = {
			isa = XCBuildConfiguration;
			buildSettings = {
				ALWAYS_SEARCH_USER_PATHS = NO;
				CLANG_ANALYZER_NONNULL = YES;
				CLANG_ANALYZER_NUMBER_OBJECT_CONVERSION = YES_AGGRESSIVE;
				CLANG_CXX_LANGUAGE_STANDARD = "gnu++14";
				CLANG_CXX_LIBRARY = "libc++";
				CLANG_ENABLE_MODULES = YES;
				CLANG_ENABLE_OBJC_ARC = YES;
				CLANG_ENABLE_OBJC_WEAK = YES;
				CLANG_WARN_BLOCK_CAPTURE_AUTORELEASING = YES;
				CLANG_WARN_BOOL_CONVERSION = YES;
				CLANG_WARN_COMMA = YES;
				CLANG_WARN_CONSTANT_CONVERSION = YES;
				CLANG_WARN_DEPRECATED_OBJC_IMPLEMENTATIONS = YES;
				CLANG_WARN_DIRECT_OBJC_ISA_USAGE = YES_ERROR;
				CLANG_WARN_DOCUMENTATION_COMMENTS = YES;
				CLANG_WARN_EMPTY_BODY = YES;
				CLANG_WARN_ENUM_CONVERSION = YES;
				CLANG_WARN_INFINITE_RECURSION = YES;
				CLANG_WARN_INT_CONVERSION = YES;
				CLANG_WARN_NON_LITERAL_NULL_CONVERSION = YES;
				CLANG_WARN_OBJC_IMPLICIT_RETAIN_SELF = YES;
				CLANG_WARN_OBJC_LITERAL_CONVERSION = YES;
				CLANG_WARN_OBJC_ROOT_CLASS = YES_ERROR;
				CLANG_WARN_QUOTED_INCLUDE_IN_FRAMEWORK_HEADER = YES;
				CLANG_WARN_RANGE_LOOP_ANALYSIS = YES;
				CLANG_WARN_STRICT_PROTOTYPES = YES;
				CLANG_WARN_SUSPICIOUS_MOVE = YES;
				CLANG_WARN_UNGUARDED_AVAILABILITY = YES_AGGRESSIVE;
				CLANG_WARN_UNREACHABLE_CODE = YES;
				CLANG_WARN__DUPLICATE_METHOD_MATCH = YES;
				COPY_PHASE_STRIP = NO;
				DEBUG_INFORMATION_FORMAT = dwarf;
				ENABLE_STRICT_OBJC_MSGSEND = YES;
				ENABLE_TESTABILITY = YES;
				GCC_C_LANGUAGE_STANDARD = gnu11;
				GCC_DYNAMIC_NO_PIC = NO;
				GCC_NO_COMMON_BLOCKS = YES;
				GCC_OPTIMIZATION_LEVEL = 0;
				GCC_PREPROCESSOR_DEFINITIONS = (
					"DEBUG=1",
					"$(inherited)",
				);
				GCC_WARN_64_TO_32_BIT_CONVERSION = YES;
				GCC_WARN_ABOUT_RETURN_TYPE = YES_ERROR;
				GCC_WARN_UNDECLARED_SELECTOR = YES;
				GCC_WARN_UNINITIALIZED_AUTOS = YES_AGGRESSIVE;
				GCC_WARN_UNUSED_FUNCTION = YES;
				GCC_WARN_UNUSED_VARIABLE = YES;
				IPHONEOS_DEPLOYMENT_TARGET = 14.2;
				MTL_ENABLE_DEBUG_INFO = INCLUDE_SOURCE;
				MTL_FAST_MATH = YES;
				ONLY_ACTIVE_ARCH = YES;
				SDKROOT = iphoneos;
				SWIFT_ACTIVE_COMPILATION_CONDITIONS = DEBUG;
				SWIFT_OPTIMIZATION_LEVEL = "-Onone";
			};
			name = Debug;
		};
		6632FFDF2574D4D900895512 /* Release */ = {
			isa = XCBuildConfiguration;
			buildSettings = {
				ALWAYS_SEARCH_USER_PATHS = NO;
				CLANG_ANALYZER_NONNULL = YES;
				CLANG_ANALYZER_NUMBER_OBJECT_CONVERSION = YES_AGGRESSIVE;
				CLANG_CXX_LANGUAGE_STANDARD = "gnu++14";
				CLANG_CXX_LIBRARY = "libc++";
				CLANG_ENABLE_MODULES = YES;
				CLANG_ENABLE_OBJC_ARC = YES;
				CLANG_ENABLE_OBJC_WEAK = YES;
				CLANG_WARN_BLOCK_CAPTURE_AUTORELEASING = YES;
				CLANG_WARN_BOOL_CONVERSION = YES;
				CLANG_WARN_COMMA = YES;
				CLANG_WARN_CONSTANT_CONVERSION = YES;
				CLANG_WARN_DEPRECATED_OBJC_IMPLEMENTATIONS = YES;
				CLANG_WARN_DIRECT_OBJC_ISA_USAGE = YES_ERROR;
				CLANG_WARN_DOCUMENTATION_COMMENTS = YES;
				CLANG_WARN_EMPTY_BODY = YES;
				CLANG_WARN_ENUM_CONVERSION = YES;
				CLANG_WARN_INFINITE_RECURSION = YES;
				CLANG_WARN_INT_CONVERSION = YES;
				CLANG_WARN_NON_LITERAL_NULL_CONVERSION = YES;
				CLANG_WARN_OBJC_IMPLICIT_RETAIN_SELF = YES;
				CLANG_WARN_OBJC_LITERAL_CONVERSION = YES;
				CLANG_WARN_OBJC_ROOT_CLASS = YES_ERROR;
				CLANG_WARN_QUOTED_INCLUDE_IN_FRAMEWORK_HEADER = YES;
				CLANG_WARN_RANGE_LOOP_ANALYSIS = YES;
				CLANG_WARN_STRICT_PROTOTYPES = YES;
				CLANG_WARN_SUSPICIOUS_MOVE = YES;
				CLANG_WARN_UNGUARDED_AVAILABILITY = YES_AGGRESSIVE;
				CLANG_WARN_UNREACHABLE_CODE = YES;
				CLANG_WARN__DUPLICATE_METHOD_MATCH = YES;
				COPY_PHASE_STRIP = NO;
				DEBUG_INFORMATION_FORMAT = "dwarf-with-dsym";
				ENABLE_NS_ASSERTIONS = NO;
				ENABLE_STRICT_OBJC_MSGSEND = YES;
				GCC_C_LANGUAGE_STANDARD = gnu11;
				GCC_NO_COMMON_BLOCKS = YES;
				GCC_WARN_64_TO_32_BIT_CONVERSION = YES;
				GCC_WARN_ABOUT_RETURN_TYPE = YES_ERROR;
				GCC_WARN_UNDECLARED_SELECTOR = YES;
				GCC_WARN_UNINITIALIZED_AUTOS = YES_AGGRESSIVE;
				GCC_WARN_UNUSED_FUNCTION = YES;
				GCC_WARN_UNUSED_VARIABLE = YES;
				IPHONEOS_DEPLOYMENT_TARGET = 14.2;
				MTL_ENABLE_DEBUG_INFO = NO;
				MTL_FAST_MATH = YES;
				SDKROOT = iphoneos;
				SWIFT_COMPILATION_MODE = wholemodule;
				SWIFT_OPTIMIZATION_LEVEL = "-O";
				VALIDATE_PRODUCT = YES;
			};
			name = Release;
		};
		6632FFE12574D4D900895512 /* Debug */ = {
			isa = XCBuildConfiguration;
			buildSettings = {
				ASSETCATALOG_COMPILER_APPICON_NAME = AppIcon;
				ASSETCATALOG_COMPILER_GLOBAL_ACCENT_COLOR_NAME = AccentColor;
				CODE_SIGN_STYLE = Automatic;
				DEVELOPMENT_TEAM = CLCLXKQZ2N;
				INFOPLIST_FILE = "Tune-Share/Info.plist";
				LD_RUNPATH_SEARCH_PATHS = (
					"$(inherited)",
					"@executable_path/Frameworks",
				);
				PRODUCT_BUNDLE_IDENTIFIER = "codepath.Tune-Share";
				PRODUCT_NAME = "$(TARGET_NAME)";
				SWIFT_VERSION = 5.0;
				TARGETED_DEVICE_FAMILY = "1,2";
			};
			name = Debug;
		};
		6632FFE22574D4D900895512 /* Release */ = {
			isa = XCBuildConfiguration;
			buildSettings = {
				ASSETCATALOG_COMPILER_APPICON_NAME = AppIcon;
				ASSETCATALOG_COMPILER_GLOBAL_ACCENT_COLOR_NAME = AccentColor;
				CODE_SIGN_STYLE = Automatic;
				DEVELOPMENT_TEAM = CLCLXKQZ2N;
				INFOPLIST_FILE = "Tune-Share/Info.plist";
				LD_RUNPATH_SEARCH_PATHS = (
					"$(inherited)",
					"@executable_path/Frameworks",
				);
				PRODUCT_BUNDLE_IDENTIFIER = "codepath.Tune-Share";
				PRODUCT_NAME = "$(TARGET_NAME)";
				SWIFT_VERSION = 5.0;
				TARGETED_DEVICE_FAMILY = "1,2";
			};
			name = Release;
		};
		6632FFE42574D4D900895512 /* Debug */ = {
			isa = XCBuildConfiguration;
			buildSettings = {
				ALWAYS_EMBED_SWIFT_STANDARD_LIBRARIES = YES;
				BUNDLE_LOADER = "$(TEST_HOST)";
				CODE_SIGN_STYLE = Automatic;
				DEVELOPMENT_TEAM = CLCLXKQZ2N;
				INFOPLIST_FILE = "Tune-ShareTests/Info.plist";
				IPHONEOS_DEPLOYMENT_TARGET = 14.2;
				LD_RUNPATH_SEARCH_PATHS = (
					"$(inherited)",
					"@executable_path/Frameworks",
					"@loader_path/Frameworks",
				);
				PRODUCT_BUNDLE_IDENTIFIER = "codepath.Tune-ShareTests";
				PRODUCT_NAME = "$(TARGET_NAME)";
				SWIFT_VERSION = 5.0;
				TARGETED_DEVICE_FAMILY = "1,2";
				TEST_HOST = "$(BUILT_PRODUCTS_DIR)/Tune-Share.app/Tune-Share";
			};
			name = Debug;
		};
		6632FFE52574D4D900895512 /* Release */ = {
			isa = XCBuildConfiguration;
			buildSettings = {
				ALWAYS_EMBED_SWIFT_STANDARD_LIBRARIES = YES;
				BUNDLE_LOADER = "$(TEST_HOST)";
				CODE_SIGN_STYLE = Automatic;
				DEVELOPMENT_TEAM = CLCLXKQZ2N;
				INFOPLIST_FILE = "Tune-ShareTests/Info.plist";
				IPHONEOS_DEPLOYMENT_TARGET = 14.2;
				LD_RUNPATH_SEARCH_PATHS = (
					"$(inherited)",
					"@executable_path/Frameworks",
					"@loader_path/Frameworks",
				);
				PRODUCT_BUNDLE_IDENTIFIER = "codepath.Tune-ShareTests";
				PRODUCT_NAME = "$(TARGET_NAME)";
				SWIFT_VERSION = 5.0;
				TARGETED_DEVICE_FAMILY = "1,2";
				TEST_HOST = "$(BUILT_PRODUCTS_DIR)/Tune-Share.app/Tune-Share";
			};
			name = Release;
		};
		6632FFE72574D4D900895512 /* Debug */ = {
			isa = XCBuildConfiguration;
			buildSettings = {
				ALWAYS_EMBED_SWIFT_STANDARD_LIBRARIES = YES;
				CODE_SIGN_STYLE = Automatic;
				DEVELOPMENT_TEAM = CLCLXKQZ2N;
				INFOPLIST_FILE = "Tune-ShareUITests/Info.plist";
				LD_RUNPATH_SEARCH_PATHS = (
					"$(inherited)",
					"@executable_path/Frameworks",
					"@loader_path/Frameworks",
				);
				PRODUCT_BUNDLE_IDENTIFIER = "codepath.Tune-ShareUITests";
				PRODUCT_NAME = "$(TARGET_NAME)";
				SWIFT_VERSION = 5.0;
				TARGETED_DEVICE_FAMILY = "1,2";
				TEST_TARGET_NAME = "Tune-Share";
			};
			name = Debug;
		};
		6632FFE82574D4D900895512 /* Release */ = {
			isa = XCBuildConfiguration;
			buildSettings = {
				ALWAYS_EMBED_SWIFT_STANDARD_LIBRARIES = YES;
				CODE_SIGN_STYLE = Automatic;
				DEVELOPMENT_TEAM = CLCLXKQZ2N;
				INFOPLIST_FILE = "Tune-ShareUITests/Info.plist";
				LD_RUNPATH_SEARCH_PATHS = (
					"$(inherited)",
					"@executable_path/Frameworks",
					"@loader_path/Frameworks",
				);
				PRODUCT_BUNDLE_IDENTIFIER = "codepath.Tune-ShareUITests";
				PRODUCT_NAME = "$(TARGET_NAME)";
				SWIFT_VERSION = 5.0;
				TARGETED_DEVICE_FAMILY = "1,2";
				TEST_TARGET_NAME = "Tune-Share";
			};
			name = Release;
		};
/* End XCBuildConfiguration section */

/* Begin XCConfigurationList section */
		6632FFB12574D4D300895512 /* Build configuration list for PBXProject "Tune-Share" */ = {
			isa = XCConfigurationList;
			buildConfigurations = (
				6632FFDE2574D4D900895512 /* Debug */,
				6632FFDF2574D4D900895512 /* Release */,
			);
			defaultConfigurationIsVisible = 0;
			defaultConfigurationName = Release;
		};
		6632FFE02574D4D900895512 /* Build configuration list for PBXNativeTarget "Tune-Share" */ = {
			isa = XCConfigurationList;
			buildConfigurations = (
				6632FFE12574D4D900895512 /* Debug */,
				6632FFE22574D4D900895512 /* Release */,
			);
			defaultConfigurationIsVisible = 0;
			defaultConfigurationName = Release;
		};
		6632FFE32574D4D900895512 /* Build configuration list for PBXNativeTarget "Tune-ShareTests" */ = {
			isa = XCConfigurationList;
			buildConfigurations = (
				6632FFE42574D4D900895512 /* Debug */,
				6632FFE52574D4D900895512 /* Release */,
			);
			defaultConfigurationIsVisible = 0;
			defaultConfigurationName = Release;
		};
		6632FFE62574D4D900895512 /* Build configuration list for PBXNativeTarget "Tune-ShareUITests" */ = {
			isa = XCConfigurationList;
			buildConfigurations = (
				6632FFE72574D4D900895512 /* Debug */,
				6632FFE82574D4D900895512 /* Release */,
			);
			defaultConfigurationIsVisible = 0;
			defaultConfigurationName = Release;
		};
/* End XCConfigurationList section */
	};
	rootObject = 6632FFAE2574D4D300895512 /* Project object */;
}
